<?xml version="1.0" encoding="utf-8"?>
<Project ToolsVersion="4.0" xmlns="http://schemas.microsoft.com/developer/msbuild/2003">
  <ItemGroup>
    <Filter Include="Quelldateien">
      <UniqueIdentifier>{4FC737F1-C7A5-4376-A066-2A32D752A2FF}</UniqueIdentifier>
      <Extensions>cpp;c;cc;cxx;c++;cppm;ixx;def;odl;idl;hpj;bat;asm;asmx</Extensions>
    </Filter>
    <Filter Include="Headerdateien">
      <UniqueIdentifier>{93995380-89BD-4b04-88EB-625FBE52EBFB}</UniqueIdentifier>
      <Extensions>h;hh;hpp;hxx;h++;hm;inl;inc;ipp;xsd</Extensions>
    </Filter>
    <Filter Include="Ressourcendateien">
      <UniqueIdentifier>{67DA6AB6-F800-4c08-8B7A-83BB121AAD01}</UniqueIdentifier>
      <Extensions>rc;ico;cur;bmp;dlg;rc2;rct;bin;rgs;gif;jpg;jpeg;jpe;resx;tiff;tif;png;wav;mfcribbon-ms</Extensions>
    </Filter>
    <Filter Include="SDK">
      <UniqueIdentifier>{e59436c4-cde0-43c0-952d-904d4e6f15a4}</UniqueIdentifier>
    </Filter>
    <Filter Include="ImGui">
      <UniqueIdentifier>{05f53aa4-b7a8-4e15-8e22-9e2ed58f5cac}</UniqueIdentifier>
    </Filter>
    <Filter Include="Hax">
      <UniqueIdentifier>{b5111fa2-1d51-41ce-9a59-8e4047b05fd4}</UniqueIdentifier>
    </Filter>
    <Filter Include="Memory">
      <UniqueIdentifier>{f418374e-5ea7-424f-a511-1c3eeb736a7f}</UniqueIdentifier>
    </Filter>
    <Filter Include="Menu">
      <UniqueIdentifier>{fcd7ad79-ef54-4fbe-b2c1-253c2cf8a0be}</UniqueIdentifier>
    </Filter>
  </ItemGroup>
  <ItemGroup>
    <ClCompile Include="Main.cpp">
      <Filter>Quelldateien</Filter>
    </ClCompile>
    <ClCompile Include="SDK\Engine_functions.cpp">
      <Filter>SDK</Filter>
    </ClCompile>
    <ClCompile Include="SDK\Basic.cpp">
      <Filter>SDK</Filter>
    </ClCompile>
    <ClCompile Include="SDK\CoreUObject_functions.cpp">
      <Filter>SDK</Filter>
    </ClCompile>
    <ClCompile Include="ImGui\imgui.cpp">
      <Filter>ImGui</Filter>
    </ClCompile>
    <ClCompile Include="ImGui\imgui_demo.cpp">
      <Filter>ImGui</Filter>
    </ClCompile>
    <ClCompile Include="ImGui\imgui_draw.cpp">
      <Filter>ImGui</Filter>
    </ClCompile>
    <ClCompile Include="ImGui\imgui_impl_dx11.cpp">
      <Filter>ImGui</Filter>
    </ClCompile>
    <ClCompile Include="ImGui\imgui_impl_win32.cpp">
      <Filter>ImGui</Filter>
    </ClCompile>
    <ClCompile Include="ImGui\imgui_widgets.cpp">
      <Filter>ImGui</Filter>
    </ClCompile>
    <ClCompile Include="SDK\BPL_Shivers_functions.cpp">
      <Filter>SDK</Filter>
    </ClCompile>
    <ClCompile Include="Hax\Flashlight.cpp">
      <Filter>Hax</Filter>
    </ClCompile>
    <ClCompile Include="SDK\BP_Flashlight_functions.cpp">
      <Filter>SDK</Filter>
    </ClCompile>
    <ClCompile Include="SDK\BP_PlayerCharacter_functions.cpp">
      <Filter>SDK</Filter>
    </ClCompile>
    <ClCompile Include="Hax\Movement.cpp">
      <Filter>Hax</Filter>
    </ClCompile>
    <ClCompile Include="Hax\Misc.cpp">
      <Filter>Hax</Filter>
    </ClCompile>
    <ClCompile Include="Hax\Stats.cpp">
      <Filter>Hax</Filter>
    </ClCompile>
    <ClCompile Include="SDK\BP_LightSwitch_0_functions.cpp">
      <Filter>SDK</Filter>
    </ClCompile>
    <ClCompile Include="SDK\BP_Entity_functions.cpp">
      <Filter>SDK</Filter>
    </ClCompile>
    <ClCompile Include="Hax\ESP.cpp">
      <Filter>Hax</Filter>
    </ClCompile>
    <ClCompile Include="SDK\SteamCorePro_functions.cpp">
      <Filter>SDK</Filter>
    </ClCompile>
    <ClCompile Include="Hax\Ghost.cpp">
      <Filter>Hax</Filter>
    </ClCompile>
    <ClCompile Include="Hax\Utils.cpp">
      <Filter>Hax</Filter>
    </ClCompile>
    <ClCompile Include="Memory\Memory.cpp">
      <Filter>Memory</Filter>
    </ClCompile>
    <ClCompile Include="Menu\Menu.cpp">
      <Filter>Menu</Filter>
    </ClCompile>
    <ClCompile Include="Menu\Vars.cpp">
      <Filter>Menu</Filter>
    </ClCompile>
  </ItemGroup>
  <ItemGroup>
    <ClInclude Include="ImGui\imconfig.h">
      <Filter>ImGui</Filter>
    </ClInclude>
    <ClInclude Include="ImGui\imgui.h">
      <Filter>ImGui</Filter>
    </ClInclude>
    <ClInclude Include="ImGui\imgui_impl_dx11.h">
      <Filter>ImGui</Filter>
    </ClInclude>
    <ClInclude Include="ImGui\imgui_impl_win32.h">
      <Filter>ImGui</Filter>
    </ClInclude>
    <ClInclude Include="ImGui\imgui_internal.h">
      <Filter>ImGui</Filter>
    </ClInclude>
    <ClInclude Include="ImGui\imstb_rectpack.h">
      <Filter>ImGui</Filter>
    </ClInclude>
    <ClInclude Include="ImGui\imstb_textedit.h">
      <Filter>ImGui</Filter>
    </ClInclude>
    <ClInclude Include="ImGui\imstb_truetype.h">
      <Filter>ImGui</Filter>
    </ClInclude>
    <ClInclude Include="Hax\Flashlight.h">
      <Filter>Hax</Filter>
    </ClInclude>
    <ClInclude Include="Hax\Movement.h">
      <Filter>Hax</Filter>
    </ClInclude>
    <ClInclude Include="Hax\Misc.h">
      <Filter>Hax</Filter>
    </ClInclude>
    <ClInclude Include="Hax\Stats.h">
      <Filter>Hax</Filter>
    </ClInclude>
    <ClInclude Include="Hax\ESP.h">
      <Filter>Hax</Filter>
    </ClInclude>
    <ClInclude Include="Hax\Ghost.h">
      <Filter>Hax</Filter>
    </ClInclude>
    <ClInclude Include="Hax\Utils.h">
      <Filter>Hax</Filter>
    </ClInclude>
    <ClInclude Include="Memory\Memory.h">
      <Filter>Memory</Filter>
    </ClInclude>
    <ClInclude Include="Menu\Menu.h">
      <Filter>Menu</Filter>
    </ClInclude>
    <ClInclude Include="Menu\Roboto.h">
      <Filter>Menu</Filter>
    </ClInclude>
    <ClInclude Include="Menu\Vars.h">
      <Filter>Menu</Filter>
    </ClInclude>
  </ItemGroup>
</Project>